
Microsoft Visual Studio Solution File, Format Version 12.00
# Visual Studio Version 16
VisualStudioVersion = 16.0.28803.202
MinimumVisualStudioVersion = 10.0.40219.1
Project("{9A19103F-16F7-4668-BE54-9A1E7A4F7556}") = "Hameleon_bank", "Console_APP1_Nick\Hameleon_bank.csproj", "{042DF5A0-F42A-42A0-9240-2A78E7AF89B5}"
EndProject
Global
	GlobalSection(SolutionConfigurationPlatforms) = preSolution
		Debug|Any CPU = Debug|Any CPU
		Release|Any CPU = Release|Any CPU
	EndGlobalSection
	GlobalSection(ProjectConfigurationPlatforms) = postSolution
		{042DF5A0-F42A-42A0-9240-2A78E7AF89B5}.Debug|Any CPU.ActiveCfg = Debug|Any CPU
		{042DF5A0-F42A-42A0-9240-2A78E7AF89B5}.Debug|Any CPU.Build.0 = Debug|Any CPU
		{042DF5A0-F42A-42A0-9240-2A78E7AF89B5}.Release|Any CPU.ActiveCfg = Release|Any CPU
		{042DF5A0-F42A-42A0-9240-2A78E7AF89B5}.Release|Any CPU.Build.0 = Release|Any CPU
	EndGlobalSection
	GlobalSection(SolutionProperties) = preSolution
		HideSolutionNode = FALSE
	EndGlobalSection
	GlobalSection(ExtensibilityGlobals) = postSolution
		SolutionGuid = {F4C047E3-B261-4463-9A2B-934D6C1E7869}
	EndGlobalSection
EndGlobal
